
Microsoft Visual Studio Solution File, Format Version 11.00
# Visual Studio 2010
Project("{FAE04EC0-301F-11D3-BF4B-00C04F79EFBC}") = "Mvc3LetsShopProject", "Mvc3LetsShopProject\Mvc3LetsShopProject.csproj", "{E4F28634-28AB-41EB-805B-D258440ACF09}"
EndProject
Project("{FAE04EC0-301F-11D3-BF4B-00C04F79EFBC}") = "Mvc3LetsShopProject.Tests", "Mvc3LetsShopProject.Tests\Mvc3LetsShopProject.Tests.csproj", "{D0A878DF-68AE-4668-84D1-207173357714}"
EndProject
Project("{FAE04EC0-301F-11D3-BF4B-00C04F79EFBC}") = "DataClassLibrary", "DataClassLibrary\DataClassLibrary.csproj", "{4F76290A-C514-4834-A5AF-C518097F09A4}"
EndProject
Project("{2150E333-8FDC-42A3-9474-1A3956D46DE8}") = "Solution Items", "Solution Items", "{B03A81C5-7A11-411C-9E32-153FAD8AB21C}"
EndProject
Global
	GlobalSection(SolutionConfigurationPlatforms) = preSolution
		Debug|Any CPU = Debug|Any CPU
		Release|Any CPU = Release|Any CPU
	EndGlobalSection
	GlobalSection(ProjectConfigurationPlatforms) = postSolution
		{E4F28634-28AB-41EB-805B-D258440ACF09}.Debug|Any CPU.ActiveCfg = Debug|Any CPU
		{E4F28634-28AB-41EB-805B-D258440ACF09}.Debug|Any CPU.Build.0 = Debug|Any CPU
		{E4F28634-28AB-41EB-805B-D258440ACF09}.Release|Any CPU.ActiveCfg = Release|Any CPU
		{E4F28634-28AB-41EB-805B-D258440ACF09}.Release|Any CPU.Build.0 = Release|Any CPU
		{D0A878DF-68AE-4668-84D1-207173357714}.Debug|Any CPU.ActiveCfg = Debug|Any CPU
		{D0A878DF-68AE-4668-84D1-207173357714}.Debug|Any CPU.Build.0 = Debug|Any CPU
		{D0A878DF-68AE-4668-84D1-207173357714}.Release|Any CPU.ActiveCfg = Release|Any CPU
		{D0A878DF-68AE-4668-84D1-207173357714}.Release|Any CPU.Build.0 = Release|Any CPU
		{4F76290A-C514-4834-A5AF-C518097F09A4}.Debug|Any CPU.ActiveCfg = Debug|Any CPU
		{4F76290A-C514-4834-A5AF-C518097F09A4}.Debug|Any CPU.Build.0 = Debug|Any CPU
		{4F76290A-C514-4834-A5AF-C518097F09A4}.Release|Any CPU.ActiveCfg = Release|Any CPU
		{4F76290A-C514-4834-A5AF-C518097F09A4}.Release|Any CPU.Build.0 = Release|Any CPU
	EndGlobalSection
	GlobalSection(SolutionProperties) = preSolution
		HideSolutionNode = FALSE
	EndGlobalSection
	GlobalSection(ExtensibilityGlobals) = postSolution
		EnterpriseLibraryConfigurationToolBinariesPath = packages\Unity.2.1.505.0\lib\NET35;packages\Unity.Interception.2.1.505.0\lib\NET35;packages\EnterpriseLibrary.Common.5.0.505.0\lib\NET35;packages\EnterpriseLibrary.Caching.5.0.505.0\lib\NET35;packages\EnterpriseLibrary.Logging.5.0.505.1\lib\NET35;packages\EnterpriseLibrary.Data.5.0.505.0\lib\NET35;packages\EnterpriseLibrary.ExceptionHandling.5.0.505.0\lib\NET35;packages\EnterpriseLibrary.ExceptionHandling.Logging.5.0.505.0\lib\NET35;packages\EnterpriseLibrary.Validation.5.0.505.0\lib\NET35;packages\EnterpriseLibrary.Logging.Database.5.0.505.0\lib\NET35
	EndGlobalSection
EndGlobal
